<?xml version="1.0" encoding="utf-8"?>
<Project ToolsVersion="4.0" xmlns="http://schemas.microsoft.com/developer/msbuild/2003">
  <ItemGroup>
    <Filter Include="Source Files">
      <UniqueIdentifier>{4FC737F1-C7A5-4376-A066-2A32D752A2FF}</UniqueIdentifier>
      <Extensions>cpp;c;cc;cxx;c++;cppm;ixx;def;odl;idl;hpj;bat;asm;asmx</Extensions>
    </Filter>
    <Filter Include="Header Files">
      <UniqueIdentifier>{93995380-89BD-4b04-88EB-625FBE52EBFB}</UniqueIdentifier>
      <Extensions>h;hh;hpp;hxx;h++;hm;inl;inc;ipp;xsd</Extensions>
    </Filter>
    <Filter Include="Resource Files">
      <UniqueIdentifier>{67DA6AB6-F800-4c08-8B7A-83BB121AAD01}</UniqueIdentifier>
      <Extensions>rc;ico;cur;bmp;dlg;rc2;rct;bin;rgs;gif;jpg;jpeg;jpe;resx;tiff;tif;png;wav;mfcribbon-ms</Extensions>
    </Filter>
  </ItemGroup>
  <ItemGroup>
    <ClInclude Include="Include\JEngine\framework.h">
      <Filter>Header Files</Filter>
    </ClInclude>
    <ClInclude Include="Include\JEngine\pch.h">
      <Filter>Header Files</Filter>
    </ClInclude>
    <ClInclude Include="Include\JEngine\EngineInfo.h">
      <Filter>Header Files</Filter>
    </ClInclude>
    <ClInclude Include="Include\JEngine\Module.h">
      <Filter>Header Files</Filter>
    </ClInclude>
    <ClInclude Include="Include\JEngine\Modules\JobSystem.h">
      <Filter>Header Files</Filter>
    </ClInclude>
    <ClInclude Include="Include\JEngine\Modules\SceneModule.h">
      <Filter>Header Files</Filter>
    </ClInclude>
    <ClInclude Include="Include\JEngine\Modules\TimeModule.h">
      <Filter>Header Files</Filter>
    </ClInclude>
    <ClInclude Include="Include\JEngine\Graphics\ObjLoader.h">
      <Filter>Header Files</Filter>
    </ClInclude>
    <ClInclude Include="Include\JEngine\Graphics\Texture.h">
      <Filter>Header Files</Filter>
    </ClInclude>
    <ClInclude Include="Include\JEngine\Graphics\Vertex.h">
      <Filter>Header Files</Filter>
    </ClInclude>
    <ClInclude Include="Include\JEngine\Graphics\VkAllocator.h">
      <Filter>Header Files</Filter>
    </ClInclude>
    <ClInclude Include="Include\JEngine\Graphics\VkApp.h">
      <Filter>Header Files</Filter>
    </ClInclude>
    <ClInclude Include="Include\JEngine\Graphics\VkBuffer.h">
      <Filter>Header Files</Filter>
    </ClInclude>
    <ClInclude Include="Include\JEngine\Graphics\VkImage.h">
      <Filter>Header Files</Filter>
    </ClInclude>
    <ClInclude Include="Include\JEngine\Graphics\VkLayout.h">
      <Filter>Header Files</Filter>
    </ClInclude>
    <ClInclude Include="Include\JEngine\Graphics\VkMemory.h">
      <Filter>Header Files</Filter>
    </ClInclude>
    <ClInclude Include="Include\JEngine\Graphics\VkMesh.h">
      <Filter>Header Files</Filter>
    </ClInclude>
    <ClInclude Include="Include\JEngine\Graphics\VkPipeline.h">
      <Filter>Header Files</Filter>
    </ClInclude>
    <ClInclude Include="Include\JEngine\Graphics\VkShader.h">
      <Filter>Header Files</Filter>
    </ClInclude>
    <ClInclude Include="Include\JEngine\Graphics\VkShapes.h">
      <Filter>Header Files</Filter>
    </ClInclude>
    <ClInclude Include="Include\JEngine\Algorithms\PackingFFDH.h">
      <Filter>Header Files</Filter>
    </ClInclude>
  </ItemGroup>
  <ItemGroup>
    <ClCompile Include="Src\JEngine\JEnginePublic.cpp">
      <Filter>Source Files</Filter>
    </ClCompile>
    <ClCompile Include="Src\JEngine\pch.cpp">
      <Filter>Source Files</Filter>
    </ClCompile>
    <ClCompile Include="Src\JEngine\Module.cpp">
      <Filter>Source Files</Filter>
    </ClCompile>
    <ClCompile Include="Src\JEngine\EngineInfo.cpp">
      <Filter>Source Files</Filter>
    </ClCompile>
    <ClCompile Include="Src\JEngine\Modules\SceneModule.cpp">
      <Filter>Source Files</Filter>
    </ClCompile>
    <ClCompile Include="Src\JEngine\Modules\TimeModule.cpp">
      <Filter>Source Files</Filter>
    </ClCompile>
    <ClCompile Include="Src\JEngine\Graphics\ObjLoader.cpp">
      <Filter>Source Files</Filter>
    </ClCompile>
    <ClCompile Include="Src\JEngine\Graphics\Texture.cpp">
      <Filter>Source Files</Filter>
    </ClCompile>
    <ClCompile Include="Src\JEngine\Graphics\Vertex.cpp">
      <Filter>Source Files</Filter>
    </ClCompile>
    <ClCompile Include="Src\JEngine\Graphics\VkAllocator.cpp">
      <Filter>Source Files</Filter>
    </ClCompile>
    <ClCompile Include="Src\JEngine\Graphics\VkImage.cpp">
      <Filter>Source Files</Filter>
    </ClCompile>
    <ClCompile Include="Src\JEngine\Graphics\VkLayout.cpp">
      <Filter>Source Files</Filter>
    </ClCompile>
    <ClCompile Include="Src\JEngine\Graphics\VkMesh.cpp">
      <Filter>Source Files</Filter>
    </ClCompile>
    <ClCompile Include="Src\JEngine\Graphics\VkPipeline.cpp">
      <Filter>Source Files</Filter>
    </ClCompile>
    <ClCompile Include="Src\JEngine\Graphics\VkShader.cpp">
      <Filter>Source Files</Filter>
    </ClCompile>
    <ClCompile Include="Src\JEngine\Graphics\VkShapes.cpp">
      <Filter>Source Files</Filter>
    </ClCompile>
    <ClCompile Include="Src\JEngine\Algorithms\PackingFFDH.cpp">
      <Filter>Source Files</Filter>
    </ClCompile>
  </ItemGroup>
</Project>